
Microsoft Visual Studio Solution File, Format Version 12.00
# Visual Studio 14
VisualStudioVersion = 14.0.23107.0
MinimumVisualStudioVersion = 10.0.40219.1
Project("{FAE04EC0-301F-11D3-BF4B-00C04F79EFBC}") = "ChurchGame", "ChurchGame\ChurchGame.csproj", "{4D86EDC0-2171-4C2F-9559-3D3200AF8680}"
EndProject
Global
	GlobalSection(SolutionConfigurationPlatforms) = preSolution
		Debug|Any CPU = Debug|Any CPU
		Release|Any CPU = Release|Any CPU
	EndGlobalSection
	GlobalSection(ProjectConfigurationPlatforms) = postSolution
		{4D86EDC0-2171-4C2F-9559-3D3200AF8680}.Debug|Any CPU.ActiveCfg = Debug|Any CPU
		{4D86EDC0-2171-4C2F-9559-3D3200AF8680}.Debug|Any CPU.Build.0 = Debug|Any CPU
		{4D86EDC0-2171-4C2F-9559-3D3200AF8680}.Release|Any CPU.ActiveCfg = Release|Any CPU
		{4D86EDC0-2171-4C2F-9559-3D3200AF8680}.Release|Any CPU.Build.0 = Release|Any CPU
	EndGlobalSection
	GlobalSection(SolutionProperties) = preSolution
		HideSolutionNode = FALSE
	EndGlobalSection
EndGlobal
